
Microsoft Visual Studio Solution File, Format Version 12.00
# Visual Studio Version 17
VisualStudioVersion = 17.3.32819.101
MinimumVisualStudioVersion = 10.0.40219.1
Project("{9A19103F-16F7-4668-BE54-9A1E7A4F7556}") = "FirstProject", "FirstProject\FirstProject.csproj", "{22C3560D-6DA9-4143-A4DB-35AC5042002E}"
EndProject
Project("{9A19103F-16F7-4668-BE54-9A1E7A4F7556}") = "Variables", "Variables\Variables.csproj", "{830D194B-464E-4A27-A0C3-6250F07967DB}"
EndProject
Project("{9A19103F-16F7-4668-BE54-9A1E7A4F7556}") = "Methods", "Methods\Methods.csproj", "{3E94FB4E-2401-4297-AEF7-AFB7334FD62C}"
EndProject
Project("{9A19103F-16F7-4668-BE54-9A1E7A4F7556}") = "ClassObjectInstance", "ClassObjectInstance\ClassObjectInstance.csproj", "{A78C7308-3572-4C87-94C7-F5134E34D69E}"
EndProject
Project("{9A19103F-16F7-4668-BE54-9A1E7A4F7556}") = "Example01_ClassObjectInstance", "Example01_ClassObjectInstance\Example01_ClassObjectInstance.csproj", "{12964707-1FCC-4343-936C-A254F7515363}"
EndProject
Project("{9A19103F-16F7-4668-BE54-9A1E7A4F7556}") = "Statement_If", "Statement_If\Statement_If.csproj", "{B9D38A86-7764-47AF-A743-F344ECE71760}"
EndProject
Project("{9A19103F-16F7-4668-BE54-9A1E7A4F7556}") = "Statement_SwitchCase_And_Enum", "Statement_SwitchCase_And_Enum\Statement_SwitchCase_And_Enum.csproj", "{D4A3F7C8-2187-41C3-9162-08226D5BAE08}"
EndProject
Project("{9A19103F-16F7-4668-BE54-9A1E7A4F7556}") = "Operators", "Operators\Operators.csproj", "{4E8F1779-6B57-4C45-A015-93AF53171E48}"
EndProject
Project("{9A19103F-16F7-4668-BE54-9A1E7A4F7556}") = "Array", "Array\Array.csproj", "{0F5083DE-937D-4DCD-8868-24041F0615A6}"
EndProject
Project("{9A19103F-16F7-4668-BE54-9A1E7A4F7556}") = "Statement_Loops", "Statement_Loops\Statement_Loops.csproj", "{2D4C5FA0-58CC-48A3-912C-6C0010D008E6}"
EndProject
Project("{FAE04EC0-301F-11D3-BF4B-00C04F79EFBC}") = "Example02_Array2D", "Example02_Array2D\Example02_Array2D.csproj", "{9D619E59-3363-4B94-B928-D2FDD4F60727}"
EndProject
Global
	GlobalSection(SolutionConfigurationPlatforms) = preSolution
		Debug|Any CPU = Debug|Any CPU
		Release|Any CPU = Release|Any CPU
	EndGlobalSection
	GlobalSection(ProjectConfigurationPlatforms) = postSolution
		{22C3560D-6DA9-4143-A4DB-35AC5042002E}.Debug|Any CPU.ActiveCfg = Debug|Any CPU
		{22C3560D-6DA9-4143-A4DB-35AC5042002E}.Debug|Any CPU.Build.0 = Debug|Any CPU
		{22C3560D-6DA9-4143-A4DB-35AC5042002E}.Release|Any CPU.ActiveCfg = Release|Any CPU
		{22C3560D-6DA9-4143-A4DB-35AC5042002E}.Release|Any CPU.Build.0 = Release|Any CPU
		{830D194B-464E-4A27-A0C3-6250F07967DB}.Debug|Any CPU.ActiveCfg = Debug|Any CPU
		{830D194B-464E-4A27-A0C3-6250F07967DB}.Debug|Any CPU.Build.0 = Debug|Any CPU
		{830D194B-464E-4A27-A0C3-6250F07967DB}.Release|Any CPU.ActiveCfg = Release|Any CPU
		{830D194B-464E-4A27-A0C3-6250F07967DB}.Release|Any CPU.Build.0 = Release|Any CPU
		{3E94FB4E-2401-4297-AEF7-AFB7334FD62C}.Debug|Any CPU.ActiveCfg = Debug|Any CPU
		{3E94FB4E-2401-4297-AEF7-AFB7334FD62C}.Debug|Any CPU.Build.0 = Debug|Any CPU
		{3E94FB4E-2401-4297-AEF7-AFB7334FD62C}.Release|Any CPU.ActiveCfg = Release|Any CPU
		{3E94FB4E-2401-4297-AEF7-AFB7334FD62C}.Release|Any CPU.Build.0 = Release|Any CPU
		{A78C7308-3572-4C87-94C7-F5134E34D69E}.Debug|Any CPU.ActiveCfg = Debug|Any CPU
		{A78C7308-3572-4C87-94C7-F5134E34D69E}.Debug|Any CPU.Build.0 = Debug|Any CPU
		{A78C7308-3572-4C87-94C7-F5134E34D69E}.Release|Any CPU.ActiveCfg = Release|Any CPU
		{A78C7308-3572-4C87-94C7-F5134E34D69E}.Release|Any CPU.Build.0 = Release|Any CPU
		{12964707-1FCC-4343-936C-A254F7515363}.Debug|Any CPU.ActiveCfg = Debug|Any CPU
		{12964707-1FCC-4343-936C-A254F7515363}.Debug|Any CPU.Build.0 = Debug|Any CPU
		{12964707-1FCC-4343-936C-A254F7515363}.Release|Any CPU.ActiveCfg = Release|Any CPU
		{12964707-1FCC-4343-936C-A254F7515363}.Release|Any CPU.Build.0 = Release|Any CPU
		{B9D38A86-7764-47AF-A743-F344ECE71760}.Debug|Any CPU.ActiveCfg = Debug|Any CPU
		{B9D38A86-7764-47AF-A743-F344ECE71760}.Debug|Any CPU.Build.0 = Debug|Any CPU
		{B9D38A86-7764-47AF-A743-F344ECE71760}.Release|Any CPU.ActiveCfg = Release|Any CPU
		{B9D38A86-7764-47AF-A743-F344ECE71760}.Release|Any CPU.Build.0 = Release|Any CPU
		{D4A3F7C8-2187-41C3-9162-08226D5BAE08}.Debug|Any CPU.ActiveCfg = Debug|Any CPU
		{D4A3F7C8-2187-41C3-9162-08226D5BAE08}.Debug|Any CPU.Build.0 = Debug|Any CPU
		{D4A3F7C8-2187-41C3-9162-08226D5BAE08}.Release|Any CPU.ActiveCfg = Release|Any CPU
		{D4A3F7C8-2187-41C3-9162-08226D5BAE08}.Release|Any CPU.Build.0 = Release|Any CPU
		{4E8F1779-6B57-4C45-A015-93AF53171E48}.Debug|Any CPU.ActiveCfg = Debug|Any CPU
		{4E8F1779-6B57-4C45-A015-93AF53171E48}.Debug|Any CPU.Build.0 = Debug|Any CPU
		{4E8F1779-6B57-4C45-A015-93AF53171E48}.Release|Any CPU.ActiveCfg = Release|Any CPU
		{4E8F1779-6B57-4C45-A015-93AF53171E48}.Release|Any CPU.Build.0 = Release|Any CPU
		{0F5083DE-937D-4DCD-8868-24041F0615A6}.Debug|Any CPU.ActiveCfg = Debug|Any CPU
		{0F5083DE-937D-4DCD-8868-24041F0615A6}.Debug|Any CPU.Build.0 = Debug|Any CPU
		{0F5083DE-937D-4DCD-8868-24041F0615A6}.Release|Any CPU.ActiveCfg = Release|Any CPU
		{0F5083DE-937D-4DCD-8868-24041F0615A6}.Release|Any CPU.Build.0 = Release|Any CPU
		{2D4C5FA0-58CC-48A3-912C-6C0010D008E6}.Debug|Any CPU.ActiveCfg = Debug|Any CPU
		{2D4C5FA0-58CC-48A3-912C-6C0010D008E6}.Debug|Any CPU.Build.0 = Debug|Any CPU
		{2D4C5FA0-58CC-48A3-912C-6C0010D008E6}.Release|Any CPU.ActiveCfg = Release|Any CPU
		{2D4C5FA0-58CC-48A3-912C-6C0010D008E6}.Release|Any CPU.Build.0 = Release|Any CPU
		{9D619E59-3363-4B94-B928-D2FDD4F60727}.Debug|Any CPU.ActiveCfg = Debug|Any CPU
		{9D619E59-3363-4B94-B928-D2FDD4F60727}.Debug|Any CPU.Build.0 = Debug|Any CPU
		{9D619E59-3363-4B94-B928-D2FDD4F60727}.Release|Any CPU.ActiveCfg = Release|Any CPU
		{9D619E59-3363-4B94-B928-D2FDD4F60727}.Release|Any CPU.Build.0 = Release|Any CPU
	EndGlobalSection
	GlobalSection(SolutionProperties) = preSolution
		HideSolutionNode = FALSE
	EndGlobalSection
	GlobalSection(ExtensibilityGlobals) = postSolution
		SolutionGuid = {C9221C8A-C874-4753-BED5-8E76293ECC98}
	EndGlobalSection
EndGlobal
